// !$*UTF8*$!
{
	archiveVersion = 1;
	classes = {
	};
	objectVersion = 50;
	objects = {

/* Begin PBXBuildFile section */
		518330E5237346EB008D0AD8 /* AppDelegate.swift in Sources */ = {isa = PBXBuildFile; fileRef = 518330E4237346EB008D0AD8 /* AppDelegate.swift */; };
		518330E7237346EB008D0AD8 /* SceneDelegate.swift in Sources */ = {isa = PBXBuildFile; fileRef = 518330E6237346EB008D0AD8 /* SceneDelegate.swift */; };
		518330E9237346EB008D0AD8 /* ViewController.swift in Sources */ = {isa = PBXBuildFile; fileRef = 518330E8237346EB008D0AD8 /* ViewController.swift */; };
		518330EC237346EB008D0AD8 /* Main.storyboard in Resources */ = {isa = PBXBuildFile; fileRef = 518330EA237346EB008D0AD8 /* Main.storyboard */; };
		518330EF237346EB008D0AD8 /* PaperBox.xcdatamodeld in Sources */ = {isa = PBXBuildFile; fileRef = 518330ED237346EB008D0AD8 /* PaperBox.xcdatamodeld */; };
		518330F1237346ED008D0AD8 /* Assets.xcassets in Resources */ = {isa = PBXBuildFile; fileRef = 518330F0237346ED008D0AD8 /* Assets.xcassets */; };
		518330F4237346ED008D0AD8 /* LaunchScreen.storyboard in Resources */ = {isa = PBXBuildFile; fileRef = 518330F2237346ED008D0AD8 /* LaunchScreen.storyboard */; };
		518330FF237346ED008D0AD8 /* PaperBoxTests.swift in Sources */ = {isa = PBXBuildFile; fileRef = 518330FE237346ED008D0AD8 /* PaperBoxTests.swift */; };
		5183310A237346ED008D0AD8 /* PaperBoxUITests.swift in Sources */ = {isa = PBXBuildFile; fileRef = 51833109237346ED008D0AD8 /* PaperBoxUITests.swift */; };
/* End PBXBuildFile section */

/* Begin PBXContainerItemProxy section */
		518330FB237346ED008D0AD8 /* PBXContainerItemProxy */ = {
			isa = PBXContainerItemProxy;
			containerPortal = 518330D9237346EB008D0AD8 /* Project object */;
			proxyType = 1;
			remoteGlobalIDString = 518330E0237346EB008D0AD8;
			remoteInfo = PaperBox;
		};
		51833106237346ED008D0AD8 /* PBXContainerItemProxy */ = {
			isa = PBXContainerItemProxy;
			containerPortal = 518330D9237346EB008D0AD8 /* Project object */;
			proxyType = 1;
			remoteGlobalIDString = 518330E0237346EB008D0AD8;
			remoteInfo = PaperBox;
		};
/* End PBXContainerItemProxy section */

/* Begin PBXFileReference section */
		518330E1237346EB008D0AD8 /* PaperBox.app */ = {isa = PBXFileReference; explicitFileType = wrapper.application; includeInIndex = 0; path = PaperBox.app; sourceTree = BUILT_PRODUCTS_DIR; };
		518330E4237346EB008D0AD8 /* AppDelegate.swift */ = {isa = PBXFileReference; lastKnownFileType = sourcecode.swift; path = AppDelegate.swift; sourceTree = "<group>"; };
		518330E6237346EB008D0AD8 /* SceneDelegate.swift */ = {isa = PBXFileReference; lastKnownFileType = sourcecode.swift; path = SceneDelegate.swift; sourceTree = "<group>"; };
		518330E8237346EB008D0AD8 /* ViewController.swift */ = {isa = PBXFileReference; lastKnownFileType = sourcecode.swift; path = ViewController.swift; sourceTree = "<group>"; };
		518330EB237346EB008D0AD8 /* Base */ = {isa = PBXFileReference; lastKnownFileType = file.storyboard; name = Base; path = Base.lproj/Main.storyboard; sourceTree = "<group>"; };
		518330EE237346EB008D0AD8 /* PaperBox.xcdatamodel */ = {isa = PBXFileReference; lastKnownFileType = wrapper.xcdatamodel; path = PaperBox.xcdatamodel; sourceTree = "<group>"; };
		518330F0237346ED008D0AD8 /* Assets.xcassets */ = {isa = PBXFileReference; lastKnownFileType = folder.assetcatalog; path = Assets.xcassets; sourceTree = "<group>"; };
		518330F3237346ED008D0AD8 /* Base */ = {isa = PBXFileReference; lastKnownFileType = file.storyboard; name = Base; path = Base.lproj/LaunchScreen.storyboard; sourceTree = "<group>"; };
		518330F5237346ED008D0AD8 /* Info.plist */ = {isa = PBXFileReference; lastKnownFileType = text.plist.xml; path = Info.plist; sourceTree = "<group>"; };
		518330FA237346ED008D0AD8 /* PaperBoxTests.xctest */ = {isa = PBXFileReference; explicitFileType = wrapper.cfbundle; includeInIndex = 0; path = PaperBoxTests.xctest; sourceTree = BUILT_PRODUCTS_DIR; };
		518330FE237346ED008D0AD8 /* PaperBoxTests.swift */ = {isa = PBXFileReference; lastKnownFileType = sourcecode.swift; path = PaperBoxTests.swift; sourceTree = "<group>"; };
		51833100237346ED008D0AD8 /* Info.plist */ = {isa = PBXFileReference; lastKnownFileType = text.plist.xml; path = Info.plist; sourceTree = "<group>"; };
		51833105237346ED008D0AD8 /* PaperBoxUITests.xctest */ = {isa = PBXFileReference; explicitFileType = wrapper.cfbundle; includeInIndex = 0; path = PaperBoxUITests.xctest; sourceTree = BUILT_PRODUCTS_DIR; };
		51833109237346ED008D0AD8 /* PaperBoxUITests.swift */ = {isa = PBXFileReference; lastKnownFileType = sourcecode.swift; path = PaperBoxUITests.swift; sourceTree = "<group>"; };
		5183310B237346ED008D0AD8 /* Info.plist */ = {isa = PBXFileReference; lastKnownFileType = text.plist.xml; path = Info.plist; sourceTree = "<group>"; };
/* End PBXFileReference section */

/* Begin PBXFrameworksBuildPhase section */
		518330DE237346EB008D0AD8 /* Frameworks */ = {
			isa = PBXFrameworksBuildPhase;
			buildActionMask = 2147483647;
			files = (
			);
			runOnlyForDeploymentPostprocessing = 0;
		};
		518330F7237346ED008D0AD8 /* Frameworks */ = {
			isa = PBXFrameworksBuildPhase;
			buildActionMask = 2147483647;
			files = (
			);
			runOnlyForDeploymentPostprocessing = 0;
		};
		51833102237346ED008D0AD8 /* Frameworks */ = {
			isa = PBXFrameworksBuildPhase;
			buildActionMask = 2147483647;
			files = (
			);
			runOnlyForDeploymentPostprocessing = 0;
		};
/* End PBXFrameworksBuildPhase section */

/* Begin PBXGroup section */
		518330D8237346EB008D0AD8 = {
			isa = PBXGroup;
			children = (
				518330E3237346EB008D0AD8 /* PaperBox */,
				518330FD237346ED008D0AD8 /* PaperBoxTests */,
				51833108237346ED008D0AD8 /* PaperBoxUITests */,
				518330E2237346EB008D0AD8 /* Products */,
			);
			sourceTree = "<group>";
		};
		518330E2237346EB008D0AD8 /* Products */ = {
			isa = PBXGroup;
			children = (
				518330E1237346EB008D0AD8 /* PaperBox.app */,
				518330FA237346ED008D0AD8 /* PaperBoxTests.xctest */,
				51833105237346ED008D0AD8 /* PaperBoxUITests.xctest */,
			);
			name = Products;
			sourceTree = "<group>";
		};
		518330E3237346EB008D0AD8 /* PaperBox */ = {
			isa = PBXGroup;
			children = (
				518330E4237346EB008D0AD8 /* AppDelegate.swift */,
				518330E6237346EB008D0AD8 /* SceneDelegate.swift */,
				518330E8237346EB008D0AD8 /* ViewController.swift */,
				518330EA237346EB008D0AD8 /* Main.storyboard */,
				518330F0237346ED008D0AD8 /* Assets.xcassets */,
				518330F2237346ED008D0AD8 /* LaunchScreen.storyboard */,
				518330F5237346ED008D0AD8 /* Info.plist */,
				518330ED237346EB008D0AD8 /* PaperBox.xcdatamodeld */,
			);
			path = PaperBox;
			sourceTree = "<group>";
		};
		518330FD237346ED008D0AD8 /* PaperBoxTests */ = {
			isa = PBXGroup;
			children = (
				518330FE237346ED008D0AD8 /* PaperBoxTests.swift */,
				51833100237346ED008D0AD8 /* Info.plist */,
			);
			path = PaperBoxTests;
			sourceTree = "<group>";
		};
		51833108237346ED008D0AD8 /* PaperBoxUITests */ = {
			isa = PBXGroup;
			children = (
				51833109237346ED008D0AD8 /* PaperBoxUITests.swift */,
				5183310B237346ED008D0AD8 /* Info.plist */,
			);
			path = PaperBoxUITests;
			sourceTree = "<group>";
		};
/* End PBXGroup section */

/* Begin PBXNativeTarget section */
		518330E0237346EB008D0AD8 /* PaperBox */ = {
			isa = PBXNativeTarget;
			buildConfigurationList = 5183310E237346ED008D0AD8 /* Build configuration list for PBXNativeTarget "PaperBox" */;
			buildPhases = (
				518330DD237346EB008D0AD8 /* Sources */,
				518330DE237346EB008D0AD8 /* Frameworks */,
				518330DF237346EB008D0AD8 /* Resources */,
			);
			buildRules = (
			);
			dependencies = (
			);
			name = PaperBox;
			productName = PaperBox;
			productReference = 518330E1237346EB008D0AD8 /* PaperBox.app */;
			productType = "com.apple.product-type.application";
		};
		518330F9237346ED008D0AD8 /* PaperBoxTests */ = {
			isa = PBXNativeTarget;
			buildConfigurationList = 51833111237346ED008D0AD8 /* Build configuration list for PBXNativeTarget "PaperBoxTests" */;
			buildPhases = (
				518330F6237346ED008D0AD8 /* Sources */,
				518330F7237346ED008D0AD8 /* Frameworks */,
				518330F8237346ED008D0AD8 /* Resources */,
			);
			buildRules = (
			);
			dependencies = (
				518330FC237346ED008D0AD8 /* PBXTargetDependency */,
			);
			name = PaperBoxTests;
			productName = PaperBoxTests;
			productReference = 518330FA237346ED008D0AD8 /* PaperBoxTests.xctest */;
			productType = "com.apple.product-type.bundle.unit-test";
		};
		51833104237346ED008D0AD8 /* PaperBoxUITests */ = {
			isa = PBXNativeTarget;
			buildConfigurationList = 51833114237346ED008D0AD8 /* Build configuration list for PBXNativeTarget "PaperBoxUITests" */;
			buildPhases = (
				51833101237346ED008D0AD8 /* Sources */,
				51833102237346ED008D0AD8 /* Frameworks */,
				51833103237346ED008D0AD8 /* Resources */,
			);
			buildRules = (
			);
			dependencies = (
				51833107237346ED008D0AD8 /* PBXTargetDependency */,
			);
			name = PaperBoxUITests;
			productName = PaperBoxUITests;
			productReference = 51833105237346ED008D0AD8 /* PaperBoxUITests.xctest */;
			productType = "com.apple.product-type.bundle.ui-testing";
		};
/* End PBXNativeTarget section */

/* Begin PBXProject section */
		518330D9237346EB008D0AD8 /* Project object */ = {
			isa = PBXProject;
			attributes = {
				LastSwiftUpdateCheck = 1100;
				LastUpgradeCheck = 1100;
				ORGANIZATIONNAME = "Mathis Detourbet";
				TargetAttributes = {
					518330E0237346EB008D0AD8 = {
						CreatedOnToolsVersion = 11.0;
					};
					518330F9237346ED008D0AD8 = {
						CreatedOnToolsVersion = 11.0;
						TestTargetID = 518330E0237346EB008D0AD8;
					};
					51833104237346ED008D0AD8 = {
						CreatedOnToolsVersion = 11.0;
						TestTargetID = 518330E0237346EB008D0AD8;
					};
				};
			};
			buildConfigurationList = 518330DC237346EB008D0AD8 /* Build configuration list for PBXProject "PaperBox" */;
			compatibilityVersion = "Xcode 9.3";
			developmentRegion = en;
			hasScannedForEncodings = 0;
			knownRegions = (
				en,
				Base,
			);
			mainGroup = 518330D8237346EB008D0AD8;
			productRefGroup = 518330E2237346EB008D0AD8 /* Products */;
			projectDirPath = "";
			projectRoot = "";
			targets = (
				518330E0237346EB008D0AD8 /* PaperBox */,
				518330F9237346ED008D0AD8 /* PaperBoxTests */,
				51833104237346ED008D0AD8 /* PaperBoxUITests */,
			);
		};
/* End PBXProject section */

/* Begin PBXResourcesBuildPhase section */
		518330DF237346EB008D0AD8 /* Resources */ = {
			isa = PBXResourcesBuildPhase;
			buildActionMask = 2147483647;
			files = (
				518330F4237346ED008D0AD8 /* LaunchScreen.storyboard in Resources */,
				518330F1237346ED008D0AD8 /* Assets.xcassets in Resources */,
				518330EC237346EB008D0AD8 /* Main.storyboard in Resources */,
			);
			runOnlyForDeploymentPostprocessing = 0;
		};
		518330F8237346ED008D0AD8 /* Resources */ = {
			isa = PBXResourcesBuildPhase;
			buildActionMask = 2147483647;
			files = (
			);
			runOnlyForDeploymentPostprocessing = 0;
		};
		51833103237346ED008D0AD8 /* Resources */ = {
			isa = PBXResourcesBuildPhase;
			buildActionMask = 2147483647;
			files = (
			);
			runOnlyForDeploymentPostprocessing = 0;
		};
/* End PBXResourcesBuildPhase section */

/* Begin PBXSourcesBuildPhase section */
		518330DD237346EB008D0AD8 /* Sources */ = {
			isa = PBXSourcesBuildPhase;
			buildActionMask = 2147483647;
			files = (
				518330E9237346EB008D0AD8 /* ViewController.swift in Sources */,
				518330E5237346EB008D0AD8 /* AppDelegate.swift in Sources */,
				518330EF237346EB008D0AD8 /* PaperBox.xcdatamodeld in Sources */,
				518330E7237346EB008D0AD8 /* SceneDelegate.swift in Sources */,
			);
			runOnlyForDeploymentPostprocessing = 0;
		};
		518330F6237346ED008D0AD8 /* Sources */ = {
			isa = PBXSourcesBuildPhase;
			buildActionMask = 2147483647;
			files = (
				518330FF237346ED008D0AD8 /* PaperBoxTests.swift in Sources */,
			);
			runOnlyForDeploymentPostprocessing = 0;
		};
		51833101237346ED008D0AD8 /* Sources */ = {
			isa = PBXSourcesBuildPhase;
			buildActionMask = 2147483647;
			files = (
				5183310A237346ED008D0AD8 /* PaperBoxUITests.swift in Sources */,
			);
			runOnlyForDeploymentPostprocessing = 0;
		};
/* End PBXSourcesBuildPhase section */

/* Begin PBXTargetDependency section */
		518330FC237346ED008D0AD8 /* PBXTargetDependency */ = {
			isa = PBXTargetDependency;
			target = 518330E0237346EB008D0AD8 /* PaperBox */;
			targetProxy = 518330FB237346ED008D0AD8 /* PBXContainerItemProxy */;
		};
		51833107237346ED008D0AD8 /* PBXTargetDependency */ = {
			isa = PBXTargetDependency;
			target = 518330E0237346EB008D0AD8 /* PaperBox */;
			targetProxy = 51833106237346ED008D0AD8 /* PBXContainerItemProxy */;
		};
/* End PBXTargetDependency section */

/* Begin PBXVariantGroup section */
		518330EA237346EB008D0AD8 /* Main.storyboard */ = {
			isa = PBXVariantGroup;
			children = (
				518330EB237346EB008D0AD8 /* Base */,
			);
			name = Main.storyboard;
			sourceTree = "<group>";
		};
		518330F2237346ED008D0AD8 /* LaunchScreen.storyboard */ = {
			isa = PBXVariantGroup;
			children = (
				518330F3237346ED008D0AD8 /* Base */,
			);
			name = LaunchScreen.storyboard;
			sourceTree = "<group>";
		};
/* End PBXVariantGroup section */

/* Begin XCBuildConfiguration section */
		5183310C237346ED008D0AD8 /* Debug */ = {
			isa = XCBuildConfiguration;
			buildSettings = {
				ALWAYS_SEARCH_USER_PATHS = NO;
				CLANG_ANALYZER_NONNULL = YES;
				CLANG_ANALYZER_NUMBER_OBJECT_CONVERSION = YES_AGGRESSIVE;
				CLANG_CXX_LANGUAGE_STANDARD = "gnu++14";
				CLANG_CXX_LIBRARY = "libc++";
				CLANG_ENABLE_MODULES = YES;
				CLANG_ENABLE_OBJC_ARC = YES;
				CLANG_ENABLE_OBJC_WEAK = YES;
				CLANG_WARN_BLOCK_CAPTURE_AUTORELEASING = YES;
				CLANG_WARN_BOOL_CONVERSION = YES;
				CLANG_WARN_COMMA = YES;
				CLANG_WARN_CONSTANT_CONVERSION = YES;
				CLANG_WARN_DEPRECATED_OBJC_IMPLEMENTATIONS = YES;
				CLANG_WARN_DIRECT_OBJC_ISA_USAGE = YES_ERROR;
				CLANG_WARN_DOCUMENTATION_COMMENTS = YES;
				CLANG_WARN_EMPTY_BODY = YES;
				CLANG_WARN_ENUM_CONVERSION = YES;
				CLANG_WARN_INFINITE_RECURSION = YES;
				CLANG_WARN_INT_CONVERSION = YES;
				CLANG_WARN_NON_LITERAL_NULL_CONVERSION = YES;
				CLANG_WARN_OBJC_IMPLICIT_RETAIN_SELF = YES;
				CLANG_WARN_OBJC_LITERAL_CONVERSION = YES;
				CLANG_WARN_OBJC_ROOT_CLASS = YES_ERROR;
				CLANG_WARN_RANGE_LOOP_ANALYSIS = YES;
				CLANG_WARN_STRICT_PROTOTYPES = YES;
				CLANG_WARN_SUSPICIOUS_MOVE = YES;
				CLANG_WARN_UNGUARDED_AVAILABILITY = YES_AGGRESSIVE;
				CLANG_WARN_UNREACHABLE_CODE = YES;
				CLANG_WARN__DUPLICATE_METHOD_MATCH = YES;
				COPY_PHASE_STRIP = NO;
				DEBUG_INFORMATION_FORMAT = dwarf;
				ENABLE_STRICT_OBJC_MSGSEND = YES;
				ENABLE_TESTABILITY = YES;
				GCC_C_LANGUAGE_STANDARD = gnu11;
				GCC_DYNAMIC_NO_PIC = NO;
				GCC_NO_COMMON_BLOCKS = YES;
				GCC_OPTIMIZATION_LEVEL = 0;
				GCC_PREPROCESSOR_DEFINITIONS = (
					"DEBUG=1",
					"$(inherited)",
				);
				GCC_WARN_64_TO_32_BIT_CONVERSION = YES;
				GCC_WARN_ABOUT_RETURN_TYPE = YES_ERROR;
				GCC_WARN_UNDECLARED_SELECTOR = YES;
				GCC_WARN_UNINITIALIZED_AUTOS = YES_AGGRESSIVE;
				GCC_WARN_UNUSED_FUNCTION = YES;
				GCC_WARN_UNUSED_VARIABLE = YES;
				IPHONEOS_DEPLOYMENT_TARGET = 13.0;
				MTL_ENABLE_DEBUG_INFO = INCLUDE_SOURCE;
				MTL_FAST_MATH = YES;
				ONLY_ACTIVE_ARCH = YES;
				SDKROOT = iphoneos;
				SWIFT_ACTIVE_COMPILATION_CONDITIONS = DEBUG;
				SWIFT_OPTIMIZATION_LEVEL = "-Onone";
			};
			name = Debug;
		};
		5183310D237346ED008D0AD8 /* Release */ = {
			isa = XCBuildConfiguration;
			buildSettings = {
				ALWAYS_SEARCH_USER_PATHS = NO;
				CLANG_ANALYZER_NONNULL = YES;
				CLANG_ANALYZER_NUMBER_OBJECT_CONVERSION = YES_AGGRESSIVE;
				CLANG_CXX_LANGUAGE_STANDARD = "gnu++14";
				CLANG_CXX_LIBRARY = "libc++";
				CLANG_ENABLE_MODULES = YES;
				CLANG_ENABLE_OBJC_ARC = YES;
				CLANG_ENABLE_OBJC_WEAK = YES;
				CLANG_WARN_BLOCK_CAPTURE_AUTORELEASING = YES;
				CLANG_WARN_BOOL_CONVERSION = YES;
				CLANG_WARN_COMMA = YES;
				CLANG_WARN_CONSTANT_CONVERSION = YES;
				CLANG_WARN_DEPRECATED_OBJC_IMPLEMENTATIONS = YES;
				CLANG_WARN_DIRECT_OBJC_ISA_USAGE = YES_ERROR;
				CLANG_WARN_DOCUMENTATION_COMMENTS = YES;
				CLANG_WARN_EMPTY_BODY = YES;
				CLANG_WARN_ENUM_CONVERSION = YES;
				CLANG_WARN_INFINITE_RECURSION = YES;
				CLANG_WARN_INT_CONVERSION = YES;
				CLANG_WARN_NON_LITERAL_NULL_CONVERSION = YES;
				CLANG_WARN_OBJC_IMPLICIT_RETAIN_SELF = YES;
				CLANG_WARN_OBJC_LITERAL_CONVERSION = YES;
				CLANG_WARN_OBJC_ROOT_CLASS = YES_ERROR;
				CLANG_WARN_RANGE_LOOP_ANALYSIS = YES;
				CLANG_WARN_STRICT_PROTOTYPES = YES;
				CLANG_WARN_SUSPICIOUS_MOVE = YES;
				CLANG_WARN_UNGUARDED_AVAILABILITY = YES_AGGRESSIVE;
				CLANG_WARN_UNREACHABLE_CODE = YES;
				CLANG_WARN__DUPLICATE_METHOD_MATCH = YES;
				COPY_PHASE_STRIP = NO;
				DEBUG_INFORMATION_FORMAT = "dwarf-with-dsym";
				ENABLE_NS_ASSERTIONS = NO;
				ENABLE_STRICT_OBJC_MSGSEND = YES;
				GCC_C_LANGUAGE_STANDARD = gnu11;
				GCC_NO_COMMON_BLOCKS = YES;
				GCC_WARN_64_TO_32_BIT_CONVERSION = YES;
				GCC_WARN_ABOUT_RETURN_TYPE = YES_ERROR;
				GCC_WARN_UNDECLARED_SELECTOR = YES;
				GCC_WARN_UNINITIALIZED_AUTOS = YES_AGGRESSIVE;
				GCC_WARN_UNUSED_FUNCTION = YES;
				GCC_WARN_UNUSED_VARIABLE = YES;
				IPHONEOS_DEPLOYMENT_TARGET = 13.0;
				MTL_ENABLE_DEBUG_INFO = NO;
				MTL_FAST_MATH = YES;
				SDKROOT = iphoneos;
				SWIFT_COMPILATION_MODE = wholemodule;
				SWIFT_OPTIMIZATION_LEVEL = "-O";
				VALIDATE_PRODUCT = YES;
			};
			name = Release;
		};
		5183310F237346ED008D0AD8 /* Debug */ = {
			isa = XCBuildConfiguration;
			buildSettings = {
				ASSETCATALOG_COMPILER_APPICON_NAME = AppIcon;
				CODE_SIGN_STYLE = Automatic;
				DEVELOPMENT_TEAM = LK3BSFY85C;
				INFOPLIST_FILE = PaperBox/Info.plist;
				LD_RUNPATH_SEARCH_PATHS = (
					"$(inherited)",
					"@executable_path/Frameworks",
				);
				PRODUCT_BUNDLE_IDENTIFIER = com.MathisDetourbet.PaperBox;
				PRODUCT_NAME = "$(TARGET_NAME)";
				SWIFT_VERSION = 5.0;
				TARGETED_DEVICE_FAMILY = "1,2";
			};
			name = Debug;
		};
		51833110237346ED008D0AD8 /* Release */ = {
			isa = XCBuildConfiguration;
			buildSettings = {
				ASSETCATALOG_COMPILER_APPICON_NAME = AppIcon;
				CODE_SIGN_STYLE = Automatic;
				DEVELOPMENT_TEAM = LK3BSFY85C;
				INFOPLIST_FILE = PaperBox/Info.plist;
				LD_RUNPATH_SEARCH_PATHS = (
					"$(inherited)",
					"@executable_path/Frameworks",
				);
				PRODUCT_BUNDLE_IDENTIFIER = com.MathisDetourbet.PaperBox;
				PRODUCT_NAME = "$(TARGET_NAME)";
				SWIFT_VERSION = 5.0;
				TARGETED_DEVICE_FAMILY = "1,2";
			};
			name = Release;
		};
		51833112237346ED008D0AD8 /* Debug */ = {
			isa = XCBuildConfiguration;
			buildSettings = {
				ALWAYS_EMBED_SWIFT_STANDARD_LIBRARIES = YES;
				BUNDLE_LOADER = "$(TEST_HOST)";
				CODE_SIGN_STYLE = Automatic;
				DEVELOPMENT_TEAM = LK3BSFY85C;
				INFOPLIST_FILE = PaperBoxTests/Info.plist;
				IPHONEOS_DEPLOYMENT_TARGET = 13.0;
				LD_RUNPATH_SEARCH_PATHS = (
					"$(inherited)",
					"@executable_path/Frameworks",
					"@loader_path/Frameworks",
				);
				PRODUCT_BUNDLE_IDENTIFIER = com.MathisDetourbet.PaperBoxTests;
				PRODUCT_NAME = "$(TARGET_NAME)";
				SWIFT_VERSION = 5.0;
				TARGETED_DEVICE_FAMILY = "1,2";
				TEST_HOST = "$(BUILT_PRODUCTS_DIR)/PaperBox.app/PaperBox";
			};
			name = Debug;
		};
		51833113237346ED008D0AD8 /* Release */ = {
			isa = XCBuildConfiguration;
			buildSettings = {
				ALWAYS_EMBED_SWIFT_STANDARD_LIBRARIES = YES;
				BUNDLE_LOADER = "$(TEST_HOST)";
				CODE_SIGN_STYLE = Automatic;
				DEVELOPMENT_TEAM = LK3BSFY85C;
				INFOPLIST_FILE = PaperBoxTests/Info.plist;
				IPHONEOS_DEPLOYMENT_TARGET = 13.0;
				LD_RUNPATH_SEARCH_PATHS = (
					"$(inherited)",
					"@executable_path/Frameworks",
					"@loader_path/Frameworks",
				);
				PRODUCT_BUNDLE_IDENTIFIER = com.MathisDetourbet.PaperBoxTests;
				PRODUCT_NAME = "$(TARGET_NAME)";
				SWIFT_VERSION = 5.0;
				TARGETED_DEVICE_FAMILY = "1,2";
				TEST_HOST = "$(BUILT_PRODUCTS_DIR)/PaperBox.app/PaperBox";
			};
			name = Release;
		};
		51833115237346ED008D0AD8 /* Debug */ = {
			isa = XCBuildConfiguration;
			buildSettings = {
				ALWAYS_EMBED_SWIFT_STANDARD_LIBRARIES = YES;
				CODE_SIGN_STYLE = Automatic;
				DEVELOPMENT_TEAM = LK3BSFY85C;
				INFOPLIST_FILE = PaperBoxUITests/Info.plist;
				LD_RUNPATH_SEARCH_PATHS = (
					"$(inherited)",
					"@executable_path/Frameworks",
					"@loader_path/Frameworks",
				);
				PRODUCT_BUNDLE_IDENTIFIER = com.MathisDetourbet.PaperBoxUITests;
				PRODUCT_NAME = "$(TARGET_NAME)";
				SWIFT_VERSION = 5.0;
				TARGETED_DEVICE_FAMILY = "1,2";
				TEST_TARGET_NAME = PaperBox;
			};
			name = Debug;
		};
		51833116237346ED008D0AD8 /* Release */ = {
			isa = XCBuildConfiguration;
			buildSettings = {
				ALWAYS_EMBED_SWIFT_STANDARD_LIBRARIES = YES;
				CODE_SIGN_STYLE = Automatic;
				DEVELOPMENT_TEAM = LK3BSFY85C;
				INFOPLIST_FILE = PaperBoxUITests/Info.plist;
				LD_RUNPATH_SEARCH_PATHS = (
					"$(inherited)",
					"@executable_path/Frameworks",
					"@loader_path/Frameworks",
				);
				PRODUCT_BUNDLE_IDENTIFIER = com.MathisDetourbet.PaperBoxUITests;
				PRODUCT_NAME = "$(TARGET_NAME)";
				SWIFT_VERSION = 5.0;
				TARGETED_DEVICE_FAMILY = "1,2";
				TEST_TARGET_NAME = PaperBox;
			};
			name = Release;
		};
/* End XCBuildConfiguration section */

/* Begin XCConfigurationList section */
		518330DC237346EB008D0AD8 /* Build configuration list for PBXProject "PaperBox" */ = {
			isa = XCConfigurationList;
			buildConfigurations = (
				5183310C237346ED008D0AD8 /* Debug */,
				5183310D237346ED008D0AD8 /* Release */,
			);
			defaultConfigurationIsVisible = 0;
			defaultConfigurationName = Release;
		};
		5183310E237346ED008D0AD8 /* Build configuration list for PBXNativeTarget "PaperBox" */ = {
			isa = XCConfigurationList;
			buildConfigurations = (
				5183310F237346ED008D0AD8 /* Debug */,
				51833110237346ED008D0AD8 /* Release */,
			);
			defaultConfigurationIsVisible = 0;
			defaultConfigurationName = Release;
		};
		51833111237346ED008D0AD8 /* Build configuration list for PBXNativeTarget "PaperBoxTests" */ = {
			isa = XCConfigurationList;
			buildConfigurations = (
				51833112237346ED008D0AD8 /* Debug */,
				51833113237346ED008D0AD8 /* Release */,
			);
			defaultConfigurationIsVisible = 0;
			defaultConfigurationName = Release;
		};
		51833114237346ED008D0AD8 /* Build configuration list for PBXNativeTarget "PaperBoxUITests" */ = {
			isa = XCConfigurationList;
			buildConfigurations = (
				51833115237346ED008D0AD8 /* Debug */,
				51833116237346ED008D0AD8 /* Release */,
			);
			defaultConfigurationIsVisible = 0;
			defaultConfigurationName = Release;
		};
/* End XCConfigurationList section */

/* Begin XCVersionGroup section */
		518330ED237346EB008D0AD8 /* PaperBox.xcdatamodeld */ = {
			isa = XCVersionGroup;
			children = (
				518330EE237346EB008D0AD8 /* PaperBox.xcdatamodel */,
			);
			currentVersion = 518330EE237346EB008D0AD8 /* PaperBox.xcdatamodel */;
			path = PaperBox.xcdatamodeld;
			sourceTree = "<group>";
			versionGroupType = wrapper.xcdatamodel;
		};
/* End XCVersionGroup section */
	};
	rootObject = 518330D9237346EB008D0AD8 /* Project object */;
}
